
Microsoft Visual Studio Solution File, Format Version 12.00
# Visual Studio 15
VisualStudioVersion = 15.0.27130.2027
MinimumVisualStudioVersion = 10.0.40219.1
Project("{FAE04EC0-301F-11D3-BF4B-00C04F79EFBC}") = "主程序", "主程序\主程序.csproj", "{51547E55-B658-4AB7-95C1-082D33A5F933}"
	ProjectSection(ProjectDependencies) = postProject
		{4F2F67C5-6EE2-4867-A05E-9B988897B1D3} = {4F2F67C5-6EE2-4867-A05E-9B988897B1D3}
	EndProjectSection
EndProject
Project("{FAE04EC0-301F-11D3-BF4B-00C04F79EFBC}") = "测试用_控制台", "测试用_控制台\测试用_控制台.csproj", "{38DE9650-F978-4A99-BEBA-B6AC4103850D}"
EndProject
Project("{FAE04EC0-301F-11D3-BF4B-00C04F79EFBC}") = "测试用_WinForm窗体", "测试用_WinForm窗体\测试用_WinForm窗体.csproj", "{1938C27E-0BE5-48B5-866D-F411ACD11328}"
EndProject
Project("{FAE04EC0-301F-11D3-BF4B-00C04F79EFBC}") = "dotNetLab", "..\Shikii_New_App_Framework\界面\dotNetLab\dotNetLab.csproj", "{BC982388-B669-48CF-8F9A-A9DAC94BFFFD}"
EndProject
Project("{2150E333-8FDC-42A3-9474-1A3956D46DE8}") = "基础应用程序支架", "基础应用程序支架", "{AE296762-E3CE-44BC-A4F7-8352036C3A62}"
EndProject
Project("{FAE04EC0-301F-11D3-BF4B-00C04F79EFBC}") = "DBManager", "..\Shikii_New_App_Framework\数据中心\DBManager.csproj", "{203DBCC1-7FE8-489F-9204-0D01F6CA0A18}"
EndProject
Project("{FAE04EC0-301F-11D3-BF4B-00C04F79EFBC}") = "AppCommon", "..\Shikii_New_App_Framework\应用基建\AppCommon.csproj", "{1FBA2CBC-8701-471A-A78F-AEC1119A5962}"
EndProject
Project("{2150E333-8FDC-42A3-9474-1A3956D46DE8}") = "测试", "测试", "{3257FCE3-C191-43FE-9A72-E64F3AF4F34C}"
EndProject
Project("{2150E333-8FDC-42A3-9474-1A3956D46DE8}") = "视觉支持", "视觉支持", "{3B7BD175-F9D2-4B81-88A1-D5F690B88BBF}"
EndProject
Project("{FAE04EC0-301F-11D3-BF4B-00C04F79EFBC}") = "HalconLib", "..\New_Vision_App_Framework\HalconLib\HalconLib.csproj", "{4F2F67C5-6EE2-4867-A05E-9B988897B1D3}"
EndProject
Project("{FAE04EC0-301F-11D3-BF4B-00C04F79EFBC}") = "ThisLabWPFApp", "ThisLabWPFApp\ThisLabWPFApp.csproj", "{8515E209-F20B-4329-8E1C-C85B6B08DDFF}"
EndProject
Global
	GlobalSection(SolutionConfigurationPlatforms) = preSolution
		Debug|Any CPU = Debug|Any CPU
		Debug|Mixed Platforms = Debug|Mixed Platforms
		Debug|x86 = Debug|x86
		Release|Any CPU = Release|Any CPU
		Release|Mixed Platforms = Release|Mixed Platforms
		Release|x86 = Release|x86
	EndGlobalSection
	GlobalSection(ProjectConfigurationPlatforms) = postSolution
		{51547E55-B658-4AB7-95C1-082D33A5F933}.Debug|Any CPU.ActiveCfg = Debug|x86
		{51547E55-B658-4AB7-95C1-082D33A5F933}.Debug|Mixed Platforms.ActiveCfg = Debug|x86
		{51547E55-B658-4AB7-95C1-082D33A5F933}.Debug|Mixed Platforms.Build.0 = Debug|x86
		{51547E55-B658-4AB7-95C1-082D33A5F933}.Debug|x86.ActiveCfg = Debug|x86
		{51547E55-B658-4AB7-95C1-082D33A5F933}.Debug|x86.Build.0 = Debug|x86
		{51547E55-B658-4AB7-95C1-082D33A5F933}.Release|Any CPU.ActiveCfg = Release|x86
		{51547E55-B658-4AB7-95C1-082D33A5F933}.Release|Mixed Platforms.ActiveCfg = Release|x86
		{51547E55-B658-4AB7-95C1-082D33A5F933}.Release|Mixed Platforms.Build.0 = Release|x86
		{51547E55-B658-4AB7-95C1-082D33A5F933}.Release|x86.ActiveCfg = Release|x86
		{51547E55-B658-4AB7-95C1-082D33A5F933}.Release|x86.Build.0 = Release|x86
		{38DE9650-F978-4A99-BEBA-B6AC4103850D}.Debug|Any CPU.ActiveCfg = Debug|x86
		{38DE9650-F978-4A99-BEBA-B6AC4103850D}.Debug|Mixed Platforms.ActiveCfg = Debug|x86
		{38DE9650-F978-4A99-BEBA-B6AC4103850D}.Debug|Mixed Platforms.Build.0 = Debug|x86
		{38DE9650-F978-4A99-BEBA-B6AC4103850D}.Debug|x86.ActiveCfg = Debug|x86
		{38DE9650-F978-4A99-BEBA-B6AC4103850D}.Debug|x86.Build.0 = Debug|x86
		{38DE9650-F978-4A99-BEBA-B6AC4103850D}.Release|Any CPU.ActiveCfg = Release|x86
		{38DE9650-F978-4A99-BEBA-B6AC4103850D}.Release|Mixed Platforms.ActiveCfg = Release|x86
		{38DE9650-F978-4A99-BEBA-B6AC4103850D}.Release|Mixed Platforms.Build.0 = Release|x86
		{38DE9650-F978-4A99-BEBA-B6AC4103850D}.Release|x86.ActiveCfg = Release|x86
		{38DE9650-F978-4A99-BEBA-B6AC4103850D}.Release|x86.Build.0 = Release|x86
		{1938C27E-0BE5-48B5-866D-F411ACD11328}.Debug|Any CPU.ActiveCfg = Debug|x86
		{1938C27E-0BE5-48B5-866D-F411ACD11328}.Debug|Mixed Platforms.ActiveCfg = Debug|x86
		{1938C27E-0BE5-48B5-866D-F411ACD11328}.Debug|Mixed Platforms.Build.0 = Debug|x86
		{1938C27E-0BE5-48B5-866D-F411ACD11328}.Debug|x86.ActiveCfg = Debug|x86
		{1938C27E-0BE5-48B5-866D-F411ACD11328}.Debug|x86.Build.0 = Debug|x86
		{1938C27E-0BE5-48B5-866D-F411ACD11328}.Release|Any CPU.ActiveCfg = Release|x86
		{1938C27E-0BE5-48B5-866D-F411ACD11328}.Release|Mixed Platforms.ActiveCfg = Release|x86
		{1938C27E-0BE5-48B5-866D-F411ACD11328}.Release|Mixed Platforms.Build.0 = Release|x86
		{1938C27E-0BE5-48B5-866D-F411ACD11328}.Release|x86.ActiveCfg = Release|x86
		{1938C27E-0BE5-48B5-866D-F411ACD11328}.Release|x86.Build.0 = Release|x86
		{BC982388-B669-48CF-8F9A-A9DAC94BFFFD}.Debug|Any CPU.ActiveCfg = Debug|Any CPU
		{BC982388-B669-48CF-8F9A-A9DAC94BFFFD}.Debug|Any CPU.Build.0 = Debug|Any CPU
		{BC982388-B669-48CF-8F9A-A9DAC94BFFFD}.Debug|Mixed Platforms.ActiveCfg = Debug|Any CPU
		{BC982388-B669-48CF-8F9A-A9DAC94BFFFD}.Debug|Mixed Platforms.Build.0 = Debug|Any CPU
		{BC982388-B669-48CF-8F9A-A9DAC94BFFFD}.Debug|x86.ActiveCfg = Debug|Any CPU
		{BC982388-B669-48CF-8F9A-A9DAC94BFFFD}.Release|Any CPU.ActiveCfg = Release|Any CPU
		{BC982388-B669-48CF-8F9A-A9DAC94BFFFD}.Release|Any CPU.Build.0 = Release|Any CPU
		{BC982388-B669-48CF-8F9A-A9DAC94BFFFD}.Release|Mixed Platforms.ActiveCfg = Release|Any CPU
		{BC982388-B669-48CF-8F9A-A9DAC94BFFFD}.Release|Mixed Platforms.Build.0 = Release|Any CPU
		{BC982388-B669-48CF-8F9A-A9DAC94BFFFD}.Release|x86.ActiveCfg = Release|Any CPU
		{203DBCC1-7FE8-489F-9204-0D01F6CA0A18}.Debug|Any CPU.ActiveCfg = Debug|Any CPU
		{203DBCC1-7FE8-489F-9204-0D01F6CA0A18}.Debug|Any CPU.Build.0 = Debug|Any CPU
		{203DBCC1-7FE8-489F-9204-0D01F6CA0A18}.Debug|Mixed Platforms.ActiveCfg = Debug|Any CPU
		{203DBCC1-7FE8-489F-9204-0D01F6CA0A18}.Debug|Mixed Platforms.Build.0 = Debug|Any CPU
		{203DBCC1-7FE8-489F-9204-0D01F6CA0A18}.Debug|x86.ActiveCfg = Debug|Any CPU
		{203DBCC1-7FE8-489F-9204-0D01F6CA0A18}.Release|Any CPU.ActiveCfg = Release|Any CPU
		{203DBCC1-7FE8-489F-9204-0D01F6CA0A18}.Release|Any CPU.Build.0 = Release|Any CPU
		{203DBCC1-7FE8-489F-9204-0D01F6CA0A18}.Release|Mixed Platforms.ActiveCfg = Release|Any CPU
		{203DBCC1-7FE8-489F-9204-0D01F6CA0A18}.Release|Mixed Platforms.Build.0 = Release|Any CPU
		{203DBCC1-7FE8-489F-9204-0D01F6CA0A18}.Release|x86.ActiveCfg = Release|Any CPU
		{1FBA2CBC-8701-471A-A78F-AEC1119A5962}.Debug|Any CPU.ActiveCfg = Debug|Any CPU
		{1FBA2CBC-8701-471A-A78F-AEC1119A5962}.Debug|Any CPU.Build.0 = Debug|Any CPU
		{1FBA2CBC-8701-471A-A78F-AEC1119A5962}.Debug|Mixed Platforms.ActiveCfg = Debug|Any CPU
		{1FBA2CBC-8701-471A-A78F-AEC1119A5962}.Debug|Mixed Platforms.Build.0 = Debug|Any CPU
		{1FBA2CBC-8701-471A-A78F-AEC1119A5962}.Debug|x86.ActiveCfg = Debug|Any CPU
		{1FBA2CBC-8701-471A-A78F-AEC1119A5962}.Release|Any CPU.ActiveCfg = Release|Any CPU
		{1FBA2CBC-8701-471A-A78F-AEC1119A5962}.Release|Any CPU.Build.0 = Release|Any CPU
		{1FBA2CBC-8701-471A-A78F-AEC1119A5962}.Release|Mixed Platforms.ActiveCfg = Release|Any CPU
		{1FBA2CBC-8701-471A-A78F-AEC1119A5962}.Release|Mixed Platforms.Build.0 = Release|Any CPU
		{1FBA2CBC-8701-471A-A78F-AEC1119A5962}.Release|x86.ActiveCfg = Release|Any CPU
		{4F2F67C5-6EE2-4867-A05E-9B988897B1D3}.Debug|Any CPU.ActiveCfg = Debug|Any CPU
		{4F2F67C5-6EE2-4867-A05E-9B988897B1D3}.Debug|Any CPU.Build.0 = Debug|Any CPU
		{4F2F67C5-6EE2-4867-A05E-9B988897B1D3}.Debug|Mixed Platforms.ActiveCfg = Debug|Any CPU
		{4F2F67C5-6EE2-4867-A05E-9B988897B1D3}.Debug|Mixed Platforms.Build.0 = Debug|Any CPU
		{4F2F67C5-6EE2-4867-A05E-9B988897B1D3}.Debug|x86.ActiveCfg = Debug|Any CPU
		{4F2F67C5-6EE2-4867-A05E-9B988897B1D3}.Debug|x86.Build.0 = Debug|Any CPU
		{4F2F67C5-6EE2-4867-A05E-9B988897B1D3}.Release|Any CPU.ActiveCfg = Release|Any CPU
		{4F2F67C5-6EE2-4867-A05E-9B988897B1D3}.Release|Any CPU.Build.0 = Release|Any CPU
		{4F2F67C5-6EE2-4867-A05E-9B988897B1D3}.Release|Mixed Platforms.ActiveCfg = Release|Any CPU
		{4F2F67C5-6EE2-4867-A05E-9B988897B1D3}.Release|Mixed Platforms.Build.0 = Release|Any CPU
		{4F2F67C5-6EE2-4867-A05E-9B988897B1D3}.Release|x86.ActiveCfg = Release|Any CPU
		{4F2F67C5-6EE2-4867-A05E-9B988897B1D3}.Release|x86.Build.0 = Release|Any CPU
		{8515E209-F20B-4329-8E1C-C85B6B08DDFF}.Debug|Any CPU.ActiveCfg = Debug|Any CPU
		{8515E209-F20B-4329-8E1C-C85B6B08DDFF}.Debug|Any CPU.Build.0 = Debug|Any CPU
		{8515E209-F20B-4329-8E1C-C85B6B08DDFF}.Debug|Mixed Platforms.ActiveCfg = Debug|Any CPU
		{8515E209-F20B-4329-8E1C-C85B6B08DDFF}.Debug|Mixed Platforms.Build.0 = Debug|Any CPU
		{8515E209-F20B-4329-8E1C-C85B6B08DDFF}.Debug|x86.ActiveCfg = Debug|Any CPU
		{8515E209-F20B-4329-8E1C-C85B6B08DDFF}.Debug|x86.Build.0 = Debug|Any CPU
		{8515E209-F20B-4329-8E1C-C85B6B08DDFF}.Release|Any CPU.ActiveCfg = Release|Any CPU
		{8515E209-F20B-4329-8E1C-C85B6B08DDFF}.Release|Any CPU.Build.0 = Release|Any CPU
		{8515E209-F20B-4329-8E1C-C85B6B08DDFF}.Release|Mixed Platforms.ActiveCfg = Release|Any CPU
		{8515E209-F20B-4329-8E1C-C85B6B08DDFF}.Release|Mixed Platforms.Build.0 = Release|Any CPU
		{8515E209-F20B-4329-8E1C-C85B6B08DDFF}.Release|x86.ActiveCfg = Release|Any CPU
		{8515E209-F20B-4329-8E1C-C85B6B08DDFF}.Release|x86.Build.0 = Release|Any CPU
	EndGlobalSection
	GlobalSection(SolutionProperties) = preSolution
		HideSolutionNode = FALSE
	EndGlobalSection
	GlobalSection(NestedProjects) = preSolution
		{38DE9650-F978-4A99-BEBA-B6AC4103850D} = {3257FCE3-C191-43FE-9A72-E64F3AF4F34C}
		{1938C27E-0BE5-48B5-866D-F411ACD11328} = {3257FCE3-C191-43FE-9A72-E64F3AF4F34C}
		{BC982388-B669-48CF-8F9A-A9DAC94BFFFD} = {AE296762-E3CE-44BC-A4F7-8352036C3A62}
		{203DBCC1-7FE8-489F-9204-0D01F6CA0A18} = {AE296762-E3CE-44BC-A4F7-8352036C3A62}
		{1FBA2CBC-8701-471A-A78F-AEC1119A5962} = {AE296762-E3CE-44BC-A4F7-8352036C3A62}
		{4F2F67C5-6EE2-4867-A05E-9B988897B1D3} = {3B7BD175-F9D2-4B81-88A1-D5F690B88BBF}
		{8515E209-F20B-4329-8E1C-C85B6B08DDFF} = {3257FCE3-C191-43FE-9A72-E64F3AF4F34C}
	EndGlobalSection
	GlobalSection(ExtensibilityGlobals) = postSolution
		SolutionGuid = {89BA0D05-3169-4088-B23B-35358CA127D4}
	EndGlobalSection
EndGlobal
